
Microsoft Visual Studio Solution File, Format Version 12.00
# Visual Studio Version 16
VisualStudioVersion = 16.0.30225.117
MinimumVisualStudioVersion = 10.0.40219.1
Project("{FAE04EC0-301F-11D3-BF4B-00C04F79EFBC}") = "BankAccount", "BankAccount\BankAccount.csproj", "{65974AFE-AEAA-4DE2-ADEC-B4C3477ACF21}"
EndProject
Project("{FAE04EC0-301F-11D3-BF4B-00C04F79EFBC}") = "BankAccountTests", "BankAccountTests\BankAccountTests.csproj", "{870820BA-9DA0-4ED7-BBA8-4C9ACA5946AA}"
EndProject
Global
	GlobalSection(SolutionConfigurationPlatforms) = preSolution
		Debug|Any CPU = Debug|Any CPU
		Release|Any CPU = Release|Any CPU
	EndGlobalSection
	GlobalSection(ProjectConfigurationPlatforms) = postSolution
		{65974AFE-AEAA-4DE2-ADEC-B4C3477ACF21}.Debug|Any CPU.ActiveCfg = Debug|Any CPU
		{65974AFE-AEAA-4DE2-ADEC-B4C3477ACF21}.Debug|Any CPU.Build.0 = Debug|Any CPU
		{65974AFE-AEAA-4DE2-ADEC-B4C3477ACF21}.Release|Any CPU.ActiveCfg = Release|Any CPU
		{65974AFE-AEAA-4DE2-ADEC-B4C3477ACF21}.Release|Any CPU.Build.0 = Release|Any CPU
		{870820BA-9DA0-4ED7-BBA8-4C9ACA5946AA}.Debug|Any CPU.ActiveCfg = Debug|Any CPU
		{870820BA-9DA0-4ED7-BBA8-4C9ACA5946AA}.Debug|Any CPU.Build.0 = Debug|Any CPU
		{870820BA-9DA0-4ED7-BBA8-4C9ACA5946AA}.Release|Any CPU.ActiveCfg = Release|Any CPU
		{870820BA-9DA0-4ED7-BBA8-4C9ACA5946AA}.Release|Any CPU.Build.0 = Release|Any CPU
	EndGlobalSection
	GlobalSection(SolutionProperties) = preSolution
		HideSolutionNode = FALSE
	EndGlobalSection
	GlobalSection(ExtensibilityGlobals) = postSolution
		SolutionGuid = {61743A0E-7235-4A71-9454-331973E26B06}
	EndGlobalSection
EndGlobal
